
Microsoft Visual Studio Solution File, Format Version 12.00
# Visual Studio Version 17
VisualStudioVersion = 17.4.33205.214
MinimumVisualStudioVersion = 10.0.40219.1
Project("{9A19103F-16F7-4668-BE54-9A1E7A4F7556}") = "AbbyWeb", "AbbyWeb\AbbyWeb.csproj", "{8CB68029-282E-4E6F-80E7-2854F232F689}"
EndProject
Project("{9A19103F-16F7-4668-BE54-9A1E7A4F7556}") = "App.DataAccess", "App.DataAccess\App.DataAccess.csproj", "{BB6DD98A-24F8-48A2-B8C4-B0B1373729A2}"
EndProject
Project("{9A19103F-16F7-4668-BE54-9A1E7A4F7556}") = "App.Models", "App.Models\App.Models.csproj", "{AF527A55-3301-4932-A75B-5B35CBB348DC}"
EndProject
Project("{9A19103F-16F7-4668-BE54-9A1E7A4F7556}") = "App.Utility", "App.Utility\App.Utility.csproj", "{4A41C2AD-8FFC-40C2-8553-1428214341FD}"
EndProject
Global
	GlobalSection(SolutionConfigurationPlatforms) = preSolution
		Debug|Any CPU = Debug|Any CPU
		Release|Any CPU = Release|Any CPU
	EndGlobalSection
	GlobalSection(ProjectConfigurationPlatforms) = postSolution
		{8CB68029-282E-4E6F-80E7-2854F232F689}.Debug|Any CPU.ActiveCfg = Debug|Any CPU
		{8CB68029-282E-4E6F-80E7-2854F232F689}.Debug|Any CPU.Build.0 = Debug|Any CPU
		{8CB68029-282E-4E6F-80E7-2854F232F689}.Release|Any CPU.ActiveCfg = Release|Any CPU
		{8CB68029-282E-4E6F-80E7-2854F232F689}.Release|Any CPU.Build.0 = Release|Any CPU
		{BB6DD98A-24F8-48A2-B8C4-B0B1373729A2}.Debug|Any CPU.ActiveCfg = Debug|Any CPU
		{BB6DD98A-24F8-48A2-B8C4-B0B1373729A2}.Debug|Any CPU.Build.0 = Debug|Any CPU
		{BB6DD98A-24F8-48A2-B8C4-B0B1373729A2}.Release|Any CPU.ActiveCfg = Release|Any CPU
		{BB6DD98A-24F8-48A2-B8C4-B0B1373729A2}.Release|Any CPU.Build.0 = Release|Any CPU
		{AF527A55-3301-4932-A75B-5B35CBB348DC}.Debug|Any CPU.ActiveCfg = Debug|Any CPU
		{AF527A55-3301-4932-A75B-5B35CBB348DC}.Debug|Any CPU.Build.0 = Debug|Any CPU
		{AF527A55-3301-4932-A75B-5B35CBB348DC}.Release|Any CPU.ActiveCfg = Release|Any CPU
		{AF527A55-3301-4932-A75B-5B35CBB348DC}.Release|Any CPU.Build.0 = Release|Any CPU
		{4A41C2AD-8FFC-40C2-8553-1428214341FD}.Debug|Any CPU.ActiveCfg = Debug|Any CPU
		{4A41C2AD-8FFC-40C2-8553-1428214341FD}.Debug|Any CPU.Build.0 = Debug|Any CPU
		{4A41C2AD-8FFC-40C2-8553-1428214341FD}.Release|Any CPU.ActiveCfg = Release|Any CPU
		{4A41C2AD-8FFC-40C2-8553-1428214341FD}.Release|Any CPU.Build.0 = Release|Any CPU
	EndGlobalSection
	GlobalSection(SolutionProperties) = preSolution
		HideSolutionNode = FALSE
	EndGlobalSection
	GlobalSection(ExtensibilityGlobals) = postSolution
		SolutionGuid = {1CD4A416-5F13-440A-BD7C-8F6457266A5B}
	EndGlobalSection
EndGlobal
